
Microsoft Visual Studio Solution File, Format Version 12.00
# Visual Studio Version 17
VisualStudioVersion = 17.8.34330.188
MinimumVisualStudioVersion = 10.0.40219.1
Project("{9A19103F-16F7-4668-BE54-9A1E7A4F7556}") = "WebApp", "WebApp.csproj", "{1B6801C3-4355-4AB4-AF31-81053613A82E}"
EndProject
Project("{9A19103F-16F7-4668-BE54-9A1E7A4F7556}") = "WebApp.Test1", "..\WebApp.Test1\WebApp.Test1.csproj", "{6B8DFA29-B3AE-4E05-A2EE-8E23050EF710}"
EndProject
Global
	GlobalSection(SolutionConfigurationPlatforms) = preSolution
		Debug|Any CPU = Debug|Any CPU
		Release|Any CPU = Release|Any CPU
	EndGlobalSection
	GlobalSection(ProjectConfigurationPlatforms) = postSolution
		{1B6801C3-4355-4AB4-AF31-81053613A82E}.Debug|Any CPU.ActiveCfg = Debug|Any CPU
		{1B6801C3-4355-4AB4-AF31-81053613A82E}.Debug|Any CPU.Build.0 = Debug|Any CPU
		{1B6801C3-4355-4AB4-AF31-81053613A82E}.Release|Any CPU.ActiveCfg = Release|Any CPU
		{1B6801C3-4355-4AB4-AF31-81053613A82E}.Release|Any CPU.Build.0 = Release|Any CPU
		{6B8DFA29-B3AE-4E05-A2EE-8E23050EF710}.Debug|Any CPU.ActiveCfg = Debug|Any CPU
		{6B8DFA29-B3AE-4E05-A2EE-8E23050EF710}.Debug|Any CPU.Build.0 = Debug|Any CPU
		{6B8DFA29-B3AE-4E05-A2EE-8E23050EF710}.Release|Any CPU.ActiveCfg = Release|Any CPU
		{6B8DFA29-B3AE-4E05-A2EE-8E23050EF710}.Release|Any CPU.Build.0 = Release|Any CPU
	EndGlobalSection
	GlobalSection(SolutionProperties) = preSolution
		HideSolutionNode = FALSE
	EndGlobalSection
	GlobalSection(ExtensibilityGlobals) = postSolution
		SolutionGuid = {B5C40CAF-D523-4C70-8260-57AF9B886E15}
	EndGlobalSection
EndGlobal
